# This file is autogenerated, do not edit; changes may be undone by the next 'dep ensure'.


[[projects]]
  name = "github.com/pkg/errors"
  packages = ["."]
  revision = "645ef00459ed84a119197bfb8d8205042c6df63d"
  version = "v0.8.0"

[[projects]]
  branch = "master"
  name = "golang.org/x/crypto"
  packages = [
    "ripemd160",
    "sha3"
  ]
  revision = "374053ea96cb300f8671b8d3b07edeeb06e203b4"

[[projects]]
  branch = "master"
  name = "golang.org/x/net"
  packages = ["websocket"]
  revision = "d0aafc73d5cdc42264b0af071c261abac580695e"

[solve-meta]
  analyzer-name = "dep"
  analyzer-version = 1
  inputs-digest = "13a380be560a694d50407783108601bc1cce39824d4e20132aa63be7dea8438a"
  solver-name = "gps-cdcl"
  solver-version = 1
