# This file is autogenerated, do not edit; changes may be undone by the next 'dep ensure'.


[[projects]]
  name = "github.com/pkg/errors"
  packages = ["."]
  revision = "645ef00459ed84a119197bfb8d8205042c6df63d"
  version = "v0.8.0"

[[projects]]
  branch = "master"
  name = "golang.org/x/crypto"
  packages = [
    "ed25519",
    "ed25519/internal/edwards25519",
    "ripemd160",
    "sha3"
  ]
  revision = "7effd64e1180aa386cd36da9ca55a1e9fc7cf7cb"

[[projects]]
  branch = "master"
  name = "golang.org/x/net"
  packages = ["websocket"]
  revision = "d0aafc73d5cdc42264b0af071c261abac580695e"

[solve-meta]
  analyzer-name = "dep"
  analyzer-version = 1
  inputs-digest = "c90b91c50b8baada089045db6b4c1d20cf21069f819f4f8829df0bbd3961dbdd"
  solver-name = "gps-cdcl"
  solver-version = 1
